
Microsoft Visual Studio Solution File, Format Version 12.00
# Visual Studio Version 17
VisualStudioVersion = 17.9.34607.119
MinimumVisualStudioVersion = 10.0.40219.1
Project("{9A19103F-16F7-4668-BE54-9A1E7A4F7556}") = "BaseProject", "BaseProject\BaseProject.csproj", "{F7F4F954-CA05-4E9E-ACED-319152251F4D}"
EndProject
Project("{9A19103F-16F7-4668-BE54-9A1E7A4F7556}") = "StrategyDesingPattern", "StrategyDesingPattern\StrategyDesingPattern.csproj", "{5BFECF20-FF3D-4791-8486-F8B2711C21C7}"
EndProject
Project("{9A19103F-16F7-4668-BE54-9A1E7A4F7556}") = "TemplatePattern", "TemplatePattern\TemplatePattern.csproj", "{A609565C-FD20-45A5-A756-2AD09ADF451D}"
EndProject
Project("{9A19103F-16F7-4668-BE54-9A1E7A4F7556}") = "CommandDesignPattern", "CommandDesignPattern\CommandDesignPattern.csproj", "{D5AFFF29-04EC-43BA-8372-B88E158C64CC}"
EndProject
Project("{9A19103F-16F7-4668-BE54-9A1E7A4F7556}") = "ObserverDesignPattern", "ObserverDesignPattern\ObserverDesignPattern.csproj", "{4A87E6CE-7DB3-4C66-BCA0-4104881C2551}"
EndProject
Project("{9A19103F-16F7-4668-BE54-9A1E7A4F7556}") = "ChainOfResponsibilityDesingPattern", "ChainOfResponsibilityDesingPattern\ChainOfResponsibilityDesingPattern.csproj", "{A25B1276-17EA-4714-832D-938E493030FE}"
EndProject
Global
	GlobalSection(SolutionConfigurationPlatforms) = preSolution
		Debug|Any CPU = Debug|Any CPU
		Release|Any CPU = Release|Any CPU
	EndGlobalSection
	GlobalSection(ProjectConfigurationPlatforms) = postSolution
		{F7F4F954-CA05-4E9E-ACED-319152251F4D}.Debug|Any CPU.ActiveCfg = Debug|Any CPU
		{F7F4F954-CA05-4E9E-ACED-319152251F4D}.Debug|Any CPU.Build.0 = Debug|Any CPU
		{F7F4F954-CA05-4E9E-ACED-319152251F4D}.Release|Any CPU.ActiveCfg = Release|Any CPU
		{F7F4F954-CA05-4E9E-ACED-319152251F4D}.Release|Any CPU.Build.0 = Release|Any CPU
		{5BFECF20-FF3D-4791-8486-F8B2711C21C7}.Debug|Any CPU.ActiveCfg = Debug|Any CPU
		{5BFECF20-FF3D-4791-8486-F8B2711C21C7}.Debug|Any CPU.Build.0 = Debug|Any CPU
		{5BFECF20-FF3D-4791-8486-F8B2711C21C7}.Release|Any CPU.ActiveCfg = Release|Any CPU
		{5BFECF20-FF3D-4791-8486-F8B2711C21C7}.Release|Any CPU.Build.0 = Release|Any CPU
		{A609565C-FD20-45A5-A756-2AD09ADF451D}.Debug|Any CPU.ActiveCfg = Debug|Any CPU
		{A609565C-FD20-45A5-A756-2AD09ADF451D}.Debug|Any CPU.Build.0 = Debug|Any CPU
		{A609565C-FD20-45A5-A756-2AD09ADF451D}.Release|Any CPU.ActiveCfg = Release|Any CPU
		{A609565C-FD20-45A5-A756-2AD09ADF451D}.Release|Any CPU.Build.0 = Release|Any CPU
		{D5AFFF29-04EC-43BA-8372-B88E158C64CC}.Debug|Any CPU.ActiveCfg = Debug|Any CPU
		{D5AFFF29-04EC-43BA-8372-B88E158C64CC}.Debug|Any CPU.Build.0 = Debug|Any CPU
		{D5AFFF29-04EC-43BA-8372-B88E158C64CC}.Release|Any CPU.ActiveCfg = Release|Any CPU
		{D5AFFF29-04EC-43BA-8372-B88E158C64CC}.Release|Any CPU.Build.0 = Release|Any CPU
		{4A87E6CE-7DB3-4C66-BCA0-4104881C2551}.Debug|Any CPU.ActiveCfg = Debug|Any CPU
		{4A87E6CE-7DB3-4C66-BCA0-4104881C2551}.Debug|Any CPU.Build.0 = Debug|Any CPU
		{4A87E6CE-7DB3-4C66-BCA0-4104881C2551}.Release|Any CPU.ActiveCfg = Release|Any CPU
		{4A87E6CE-7DB3-4C66-BCA0-4104881C2551}.Release|Any CPU.Build.0 = Release|Any CPU
		{A25B1276-17EA-4714-832D-938E493030FE}.Debug|Any CPU.ActiveCfg = Debug|Any CPU
		{A25B1276-17EA-4714-832D-938E493030FE}.Debug|Any CPU.Build.0 = Debug|Any CPU
		{A25B1276-17EA-4714-832D-938E493030FE}.Release|Any CPU.ActiveCfg = Release|Any CPU
		{A25B1276-17EA-4714-832D-938E493030FE}.Release|Any CPU.Build.0 = Release|Any CPU
	EndGlobalSection
	GlobalSection(SolutionProperties) = preSolution
		HideSolutionNode = FALSE
	EndGlobalSection
	GlobalSection(ExtensibilityGlobals) = postSolution
		SolutionGuid = {44F0A19C-113A-4348-9FD1-873A3648F14E}
	EndGlobalSection
EndGlobal
